{
  "name": "onechengxun",
  "version": "1.0.0",
  "lockfileVersion": 1,
  "requires": true,
  "dependencies": {
    "bootstrap-material-design": {
      "version": "4.1.1",
      "resolved": "https://registry.npmjs.org/bootstrap-material-design/-/bootstrap-material-design-4.1.1.tgz",
      "integrity": "sha1-h0M9sL9k1qCvsPX6qoYGE0ydJtI="
    },
    "materialize-css": {
      "version": "1.0.0-rc.1",
      "resolved": "https://registry.npmjs.org/materialize-css/-/materialize-css-1.0.0-rc.1.tgz",
      "integrity": "sha512-YzxLgNrkaE6QKMtrjZG3ogQy64S23u3aXvwGEt5JBoGpI1jni9WIM3U8xhuZUtgUjHuCMdRqrRnA5BtUrV0wrg=="
    },
    "popper.js": {
      "version": "1.14.3",
      "resolved": "https://registry.npmjs.org/popper.js/-/popper.js-1.14.3.tgz",
      "integrity": "sha1-FDj5jQRqz3tNeM1QK/QYrGTU8JU="
    },
    "vue": {
      "version": "2.5.16",
      "resolved": "https://registry.npmjs.org/vue/-/vue-2.5.16.tgz",
      "integrity": "sha512-/ffmsiVuPC8PsWcFkZngdpas19ABm5mh2wA7iDqcltyCTwlgZjHGeJYOXkBMo422iPwIcviOtrTCUpSfXmToLQ=="
    }
  }
}
